{
    "name": "safe-diffparser",
    "version": "1.0.5",
    "lockfileVersion": 1,
    "dependencies": {
        "abbrev": {
            "version": "https://registry.npmjs.org/abbrev/-/abbrev-1.0.9.tgz",
            "integrity": "sha1-kbR5JYinc4wl813W9jdSovh3YTU="
        },
        "align-text": {
            "version": "https://registry.npmjs.org/align-text/-/align-text-0.1.4.tgz",
            "integrity": "sha1-DNkKVhCT810KmSVsIrcGlDP60Rc="
        },
        "amdefine": {
            "version": "https://registry.npmjs.org/amdefine/-/amdefine-1.0.1.tgz",
            "integrity": "sha1-SlKCrBZHKek2Gbz9OtFR+BfOkfU="
        },
        "argparse": {
            "version": "https://registry.npmjs.org/argparse/-/argparse-1.0.9.tgz",
            "integrity": "sha1-c9g7wmP4bpf4zE9rrhsOkKfSLIY="
        },
        "assert": {
            "version": "https://registry.npmjs.org/assert/-/assert-1.4.1.tgz",
            "integrity": "sha1-mZEtWRg2tab1s0XA8H7vwI/GXZE="
        },
        "async": {
            "version": "https://registry.npmjs.org/async/-/async-1.5.2.tgz",
            "integrity": "sha1-7GphrlZIDAw8skHJVhjiCJL5Zyo="
        },
        "balanced-match": {
            "version": "https://registry.npmjs.org/balanced-match/-/balanced-match-0.4.2.tgz",
            "integrity": "sha1-yz8+PHMtwPAe5wtAPzAuYddwmDg="
        },
        "brace-expansion": {
            "version": "https://registry.npmjs.org/brace-expansion/-/brace-expansion-1.1.6.tgz",
            "integrity": "sha1-cZfX6qm4fmSDkOph/GbIRCdCDfk="
        },
        "camelcase": {
            "version": "https://registry.npmjs.org/camelcase/-/camelcase-1.2.1.tgz",
            "integrity": "sha1-m7UwTS4LVmmLLHWLCKPqqdqlijk=",
            "optional": true
        },
        "center-align": {
            "version": "https://registry.npmjs.org/center-align/-/center-align-0.1.3.tgz",
            "integrity": "sha1-qg0yYptu6XIgBBHL1EYckHvCt60=",
            "optional": true
        },
        "cli-table": {
            "version": "https://registry.npmjs.org/cli-table/-/cli-table-0.3.1.tgz",
            "integrity": "sha1-9TsFJmqLGguTSz0IIebi3FkUriM="
        },
        "cliui": {
            "version": "https://registry.npmjs.org/cliui/-/cliui-2.1.0.tgz",
            "integrity": "sha1-S0dXYP+AJkx2LDoXGQMukcf+oNE=",
            "optional": true,
            "dependencies": {
                "wordwrap": {
                    "version": "https://registry.npmjs.org/wordwrap/-/wordwrap-0.0.2.tgz",
                    "integrity": "sha1-t5Zpu0LstAn4PVg8rVLKF+qhZD8=",
                    "optional": true
                }
            }
        },
        "colors": {
            "version": "https://registry.npmjs.org/colors/-/colors-1.0.3.tgz",
            "integrity": "sha1-BDP0TYCWgP3rYO0mDxsMJi6CpAs="
        },
        "concat-map": {
            "version": "https://registry.npmjs.org/concat-map/-/concat-map-0.0.1.tgz",
            "integrity": "sha1-2Klr13/Wjfd5OnMDajug1UBdR3s="
        },
        "decamelize": {
            "version": "https://registry.npmjs.org/decamelize/-/decamelize-1.2.0.tgz",
            "integrity": "sha1-9lNNFRSCabIDUue+4m9QH5oZEpA=",
            "optional": true
        },
        "deep-is": {
            "version": "https://registry.npmjs.org/deep-is/-/deep-is-0.1.3.tgz",
            "integrity": "sha1-s2nW+128E+7PUk+RsHD+7cNXzzQ="
        },
        "escodegen": {
            "version": "https://registry.npmjs.org/escodegen/-/escodegen-1.8.1.tgz",
            "integrity": "sha1-WltTr0aTEQvrsIZ6o0MN07cKEBg="
        },
        "esprima": {
            "version": "https://registry.npmjs.org/esprima/-/esprima-2.7.3.tgz",
            "integrity": "sha1-luO3DVd59q1JzQMmc9HDEnZ7pYE="
        },
        "estraverse": {
            "version": "https://registry.npmjs.org/estraverse/-/estraverse-1.9.3.tgz",
            "integrity": "sha1-r2fy3JIlgkFZUJJgkaQAXSnJu0Q="
        },
        "esutils": {
            "version": "https://registry.npmjs.org/esutils/-/esutils-2.0.2.tgz",
            "integrity": "sha1-Cr9PHKpbyx96nYrMbepPqqBLrJs="
        },
        "fast-levenshtein": {
            "version": "https://registry.npmjs.org/fast-levenshtein/-/fast-levenshtein-2.0.5.tgz",
            "integrity": "sha1-vTMUV0RRmrHDbD7p8x8I6QebZ/I="
        },
        "glob": {
            "version": "https://registry.npmjs.org/glob/-/glob-5.0.15.tgz",
            "integrity": "sha1-G8k2ueAvSmA/zCIuz3Yz0wuLk7E="
        },
        "handlebars": {
            "version": "https://registry.npmjs.org/handlebars/-/handlebars-4.0.5.tgz",
            "integrity": "sha1-ksbta7FkEQxQ1NjQ+93HCAbG+Oc=",
            "dependencies": {
                "source-map": {
                    "version": "https://registry.npmjs.org/source-map/-/source-map-0.4.4.tgz",
                    "integrity": "sha1-66T12pwNyZneaAMti092FzZSA2s="
                }
            }
        },
        "has-flag": {
            "version": "https://registry.npmjs.org/has-flag/-/has-flag-1.0.0.tgz",
            "integrity": "sha1-nZ55MWXOAXoA8AQYxD+UKnsdEfo="
        },
        "inflight": {
            "version": "https://registry.npmjs.org/inflight/-/inflight-1.0.6.tgz",
            "integrity": "sha1-Sb1jMdfQLQwJvJEKEHW6gWW1bfk="
        },
        "inherits": {
            "version": "https://registry.npmjs.org/inherits/-/inherits-2.0.1.tgz",
            "integrity": "sha1-sX0I0ya0Qj5Wjv9xn5GwscvfafE="
        },
        "is-buffer": {
            "version": "https://registry.npmjs.org/is-buffer/-/is-buffer-1.1.4.tgz",
            "integrity": "sha1-z8hszV3FpS+oBIkRHGkgxFfi2Ys="
        },
        "isexe": {
            "version": "https://registry.npmjs.org/isexe/-/isexe-1.1.2.tgz",
            "integrity": "sha1-NvPiLmB1CSD15yQaR2qMakInWtA="
        },
        "istanbul": {
            "version": "https://registry.npmjs.org/istanbul/-/istanbul-0.4.5.tgz",
            "integrity": "sha1-ZcfXPUxNqE1POsMQuRj7C4Azczs="
        },
        "js-yaml": {
            "version": "https://registry.npmjs.org/js-yaml/-/js-yaml-3.6.1.tgz",
            "integrity": "sha1-bl/mfYsgXOTSL60Ft3geja3MSzA="
        },
        "kind-of": {
            "version": "https://registry.npmjs.org/kind-of/-/kind-of-3.0.4.tgz",
            "integrity": "sha1-e47PGKThf4Jp1ztQHJ8jLJaIenQ="
        },
        "lazy-cache": {
            "version": "https://registry.npmjs.org/lazy-cache/-/lazy-cache-1.0.4.tgz",
            "integrity": "sha1-odePw6UEdMuAhF07O24dpJpEbo4=",
            "optional": true
        },
        "levn": {
            "version": "https://registry.npmjs.org/levn/-/levn-0.3.0.tgz",
            "integrity": "sha1-OwmSTt+fCDwEkP3UwLxEIeBHZO4="
        },
        "longest": {
            "version": "https://registry.npmjs.org/longest/-/longest-1.0.1.tgz",
            "integrity": "sha1-MKCy2jj3N3DoKUoNIuZiXtd9AJc="
        },
        "minimatch": {
            "version": "https://registry.npmjs.org/minimatch/-/minimatch-3.0.3.tgz",
            "integrity": "sha1-Kk5AkLlrLbBqnX3wEFWmKnfJt3Q="
        },
        "minimist": {
            "version": "https://registry.npmjs.org/minimist/-/minimist-1.2.0.tgz",
            "integrity": "sha1-o1AIsg9BOD7sH7kU9M1d95omQoQ="
        },
        "mkdirp": {
            "version": "https://registry.npmjs.org/mkdirp/-/mkdirp-0.5.1.tgz",
            "integrity": "sha1-MAV0OOrGz3+MR2fzhkjWaX11yQM=",
            "dependencies": {
                "minimist": {
                    "version": "https://registry.npmjs.org/minimist/-/minimist-0.0.8.tgz",
                    "integrity": "sha1-hX/Kv8M5fSYluCKCYuhqp6ARsF0="
                }
            }
        },
        "nopt": {
            "version": "https://registry.npmjs.org/nopt/-/nopt-3.0.6.tgz",
            "integrity": "sha1-xkZdvwirzU2zWTF/eaxopkayj/k="
        },
        "once": {
            "version": "https://registry.npmjs.org/once/-/once-1.4.0.tgz",
            "integrity": "sha1-WDsap3WWHUsROsF9nFC6753Xa9E="
        },
        "optimist": {
            "version": "https://registry.npmjs.org/optimist/-/optimist-0.6.1.tgz",
            "integrity": "sha1-2j6nRob6IaGaERwybpDrFaAZZoY=",
            "dependencies": {
                "minimist": {
                    "version": "https://registry.npmjs.org/minimist/-/minimist-0.0.10.tgz",
                    "integrity": "sha1-3j+YVD2/lggr5IrRoMfNqDYwHc8="
                },
                "wordwrap": {
                    "version": "https://registry.npmjs.org/wordwrap/-/wordwrap-0.0.3.tgz",
                    "integrity": "sha1-o9XabNXAvAAI03I0u68b7WMFkQc="
                }
            }
        },
        "optionator": {
            "version": "https://registry.npmjs.org/optionator/-/optionator-0.8.2.tgz",
            "integrity": "sha1-NkxeQJ0/TWMB1sC0wFu6UBgK62Q="
        },
        "parse-diff": {
            "version": "https://registry.npmjs.org/parse-diff/-/parse-diff-0.4.0.tgz",
            "integrity": "sha1-nONbzOj8C3xY9G1xETOU/AtJgt0="
        },
        "path-is-absolute": {
            "version": "https://registry.npmjs.org/path-is-absolute/-/path-is-absolute-1.0.1.tgz",
            "integrity": "sha1-F0uSaHNVNP+8es5r9TpanhtcX18="
        },
        "prelude-ls": {
            "version": "https://registry.npmjs.org/prelude-ls/-/prelude-ls-1.1.2.tgz",
            "integrity": "sha1-IZMqVJ9eUv/ZqCf1cOBL5iqX2lQ="
        },
        "qunit": {
            "version": "1.0.0",
            "resolved": "https://registry.npmjs.org/qunit/-/qunit-1.0.0.tgz",
            "integrity": "sha1-HT3Pv67IGXnLS9ruRUULteWRT4w=",
            "dependencies": {
                "argsparser": {
                    "version": "0.0.7",
                    "resolved": "https://registry.npmjs.org/argsparser/-/argsparser-0.0.7.tgz",
                    "integrity": "sha1-QcheDD3nV7NQ8S5u0OSQsegtvgY="
                },
                "co": {
                    "version": "4.6.0",
                    "resolved": "https://registry.npmjs.org/co/-/co-4.6.0.tgz",
                    "integrity": "sha1-bqa989hTrlTMuOR7+gvz+QMfsYQ="
                },
                "qunitjs": {
                    "version": "2.1.1",
                    "resolved": "https://registry.npmjs.org/qunitjs/-/qunitjs-2.1.1.tgz",
                    "integrity": "sha1-wwh8hk2alEMQO9vezA7zWceoIoE="
                }
            }
        },
        "repeat-string": {
            "version": "https://registry.npmjs.org/repeat-string/-/repeat-string-1.6.1.tgz",
            "integrity": "sha1-jcrkcOHIirwtYA//Sndihtp15jc="
        },
        "resolve": {
            "version": "https://registry.npmjs.org/resolve/-/resolve-1.1.7.tgz",
            "integrity": "sha1-IDEU2CrSxe2ejgQRs5ModeiJ6Xs="
        },
        "right-align": {
            "version": "https://registry.npmjs.org/right-align/-/right-align-0.1.3.tgz",
            "integrity": "sha1-YTObci/mo1FWiSENJOFMlhSGE+8=",
            "optional": true
        },
        "source-map": {
            "version": "https://registry.npmjs.org/source-map/-/source-map-0.2.0.tgz",
            "integrity": "sha1-2rc/vPwrqBm03gO9b26qSBZLP50=",
            "optional": true
        },
        "sprintf-js": {
            "version": "https://registry.npmjs.org/sprintf-js/-/sprintf-js-1.0.3.tgz",
            "integrity": "sha1-BOaSb2YolTVPPdAVIDYzuFcpfiw="
        },
        "supports-color": {
            "version": "https://registry.npmjs.org/supports-color/-/supports-color-3.1.2.tgz",
            "integrity": "sha1-cqJiiU2dQIuVbKBf83su2KbiotU="
        },
        "tracejs": {
            "version": "https://registry.npmjs.org/tracejs/-/tracejs-0.1.8.tgz",
            "integrity": "sha1-bCZ4exhT8TcWNGIsHIC8RAJsXXA="
        },
        "type-check": {
            "version": "https://registry.npmjs.org/type-check/-/type-check-0.3.2.tgz",
            "integrity": "sha1-WITKtRLPHTVeP7eE8wgEsrUg23I="
        },
        "uglify-js": {
            "version": "https://registry.npmjs.org/uglify-js/-/uglify-js-2.7.4.tgz",
            "integrity": "sha1-opWg3hK2plDAMcQN6w3ECxRWi9I=",
            "optional": true,
            "dependencies": {
                "async": {
                    "version": "https://registry.npmjs.org/async/-/async-0.2.10.tgz",
                    "integrity": "sha1-trvgsGdLnXGXCMo43owjfLUmw9E=",
                    "optional": true
                },
                "source-map": {
                    "version": "https://registry.npmjs.org/source-map/-/source-map-0.5.6.tgz",
                    "integrity": "sha1-dc449SvwczxafwwRjYEzSiu19BI=",
                    "optional": true
                }
            }
        },
        "uglify-to-browserify": {
            "version": "https://registry.npmjs.org/uglify-to-browserify/-/uglify-to-browserify-1.0.2.tgz",
            "integrity": "sha1-bgkk1r2mta/jSeOabWMoUKD4grc=",
            "optional": true
        },
        "underscore": {
            "version": "https://registry.npmjs.org/underscore/-/underscore-1.8.3.tgz",
            "integrity": "sha1-Tz+1OxBuYJf8+ctBCfKl6b36UCI="
        },
        "util": {
            "version": "https://registry.npmjs.org/util/-/util-0.10.3.tgz",
            "integrity": "sha1-evsa/lCAUkZInj23/g7TeTNqwPk="
        },
        "which": {
            "version": "https://registry.npmjs.org/which/-/which-1.2.11.tgz",
            "integrity": "sha1-yLLu6muMFln6fB3U/aq+lTPcXos="
        },
        "window-size": {
            "version": "https://registry.npmjs.org/window-size/-/window-size-0.1.0.tgz",
            "integrity": "sha1-VDjNLqk7IC76Ohn+iIeu58lPnJ0=",
            "optional": true
        },
        "wordwrap": {
            "version": "https://registry.npmjs.org/wordwrap/-/wordwrap-1.0.0.tgz",
            "integrity": "sha1-J1hIEIkUVqQXHI0CJkQa3pDLyus="
        },
        "wrappy": {
            "version": "https://registry.npmjs.org/wrappy/-/wrappy-1.0.2.tgz",
            "integrity": "sha1-tSQ9jz7BqjXxNkYFvA0QNuMKtp8="
        },
        "yargs": {
            "version": "https://registry.npmjs.org/yargs/-/yargs-3.10.0.tgz",
            "integrity": "sha1-9+572FfdfB0tOMDnTvvWgdFDH9E=",
            "optional": true
        }
    }
}
